// !$*UTF8*$!
{
	archiveVersion = 1;
	classes = {
	};
	objectVersion = 50;
	objects = {

/* Begin PBXBuildFile section */
		394F8674250E518A00B703B3 /* AppDelegate.swift in Sources */ = {isa = PBXBuildFile; fileRef = 394F8673250E518A00B703B3 /* AppDelegate.swift */; };
		394F8676250E518A00B703B3 /* SceneDelegate.swift in Sources */ = {isa = PBXBuildFile; fileRef = 394F8675250E518A00B703B3 /* SceneDelegate.swift */; };
		394F8678250E518A00B703B3 /* HomeViewController.swift in Sources */ = {isa = PBXBuildFile; fileRef = 394F8677250E518A00B703B3 /* HomeViewController.swift */; };
		394F867B250E518A00B703B3 /* Main.storyboard in Resources */ = {isa = PBXBuildFile; fileRef = 394F8679250E518A00B703B3 /* Main.storyboard */; };
		394F867D250E518A00B703B3 /* Assets.xcassets in Resources */ = {isa = PBXBuildFile; fileRef = 394F867C250E518A00B703B3 /* Assets.xcassets */; };
		394F8680250E518A00B703B3 /* LaunchScreen.storyboard in Resources */ = {isa = PBXBuildFile; fileRef = 394F867E250E518A00B703B3 /* LaunchScreen.storyboard */; };
		396F5EA72517AF8F0070F2BD /* ProfileViewController.swift in Sources */ = {isa = PBXBuildFile; fileRef = 396F5EA62517AF8F0070F2BD /* ProfileViewController.swift */; };
		39E4D49F252347AD00BF6BC4 /* fake_random_date.swift in Sources */ = {isa = PBXBuildFile; fileRef = 39E4D49E252347AD00BF6BC4 /* fake_random_date.swift */; };
		39E4D4A12523482000BF6BC4 /* BaseMessageCell.swift in Sources */ = {isa = PBXBuildFile; fileRef = 39E4D4A02523482000BF6BC4 /* BaseMessageCell.swift */; };
		39ED610B2521EB32006D8E0A /* ConversationListViewController.swift in Sources */ = {isa = PBXBuildFile; fileRef = 39ED610A2521EB32006D8E0A /* ConversationListViewController.swift */; };
		39ED610E2521EE62006D8E0A /* ConversationViewController.swift in Sources */ = {isa = PBXBuildFile; fileRef = 39ED610D2521EE62006D8E0A /* ConversationViewController.swift */; };
		39ED61152521F76E006D8E0A /* ConversationCell.swift in Sources */ = {isa = PBXBuildFile; fileRef = 39ED61132521F76E006D8E0A /* ConversationCell.swift */; };
		39ED61162521F76E006D8E0A /* ConversationCell.xib in Resources */ = {isa = PBXBuildFile; fileRef = 39ED61142521F76E006D8E0A /* ConversationCell.xib */; };
		39ED61182521F7AE006D8E0A /* ConversationCellModel.swift in Sources */ = {isa = PBXBuildFile; fileRef = 39ED61172521F7AD006D8E0A /* ConversationCellModel.swift */; };
		39ED611A25220D34006D8E0A /* fake_data.swift in Sources */ = {isa = PBXBuildFile; fileRef = 39ED611925220D34006D8E0A /* fake_data.swift */; };
		39ED611E25221658006D8E0A /* IncomeMessageCell.swift in Sources */ = {isa = PBXBuildFile; fileRef = 39ED611C25221658006D8E0A /* IncomeMessageCell.swift */; };
		39ED611F25221658006D8E0A /* IncomeMessageCell.xib in Resources */ = {isa = PBXBuildFile; fileRef = 39ED611D25221658006D8E0A /* IncomeMessageCell.xib */; };
		39ED612125221684006D8E0A /* MessageCellModel.swift in Sources */ = {isa = PBXBuildFile; fileRef = 39ED612025221684006D8E0A /* MessageCellModel.swift */; };
		39ED6124252219BA006D8E0A /* OutcomeMessageCell.swift in Sources */ = {isa = PBXBuildFile; fileRef = 39ED6122252219BA006D8E0A /* OutcomeMessageCell.swift */; };
		39ED6125252219BA006D8E0A /* OutcomeMessageCell.xib in Resources */ = {isa = PBXBuildFile; fileRef = 39ED6123252219BA006D8E0A /* OutcomeMessageCell.xib */; };
		39ED612725223323006D8E0A /* fake_conversation.swift in Sources */ = {isa = PBXBuildFile; fileRef = 39ED612625223323006D8E0A /* fake_conversation.swift */; };
/* End PBXBuildFile section */

/* Begin PBXFileReference section */
		394F8670250E518A00B703B3 /* ChitChat02.app */ = {isa = PBXFileReference; explicitFileType = wrapper.application; includeInIndex = 0; path = ChitChat02.app; sourceTree = BUILT_PRODUCTS_DIR; };
		394F8673250E518A00B703B3 /* AppDelegate.swift */ = {isa = PBXFileReference; lastKnownFileType = sourcecode.swift; path = AppDelegate.swift; sourceTree = "<group>"; };
		394F8675250E518A00B703B3 /* SceneDelegate.swift */ = {isa = PBXFileReference; lastKnownFileType = sourcecode.swift; path = SceneDelegate.swift; sourceTree = "<group>"; };
		394F8677250E518A00B703B3 /* HomeViewController.swift */ = {isa = PBXFileReference; lastKnownFileType = sourcecode.swift; path = HomeViewController.swift; sourceTree = "<group>"; };
		394F867A250E518A00B703B3 /* Base */ = {isa = PBXFileReference; lastKnownFileType = file.storyboard; name = Base; path = Base.lproj/Main.storyboard; sourceTree = "<group>"; };
		394F867C250E518A00B703B3 /* Assets.xcassets */ = {isa = PBXFileReference; lastKnownFileType = folder.assetcatalog; path = Assets.xcassets; sourceTree = "<group>"; };
		394F867F250E518A00B703B3 /* Base */ = {isa = PBXFileReference; lastKnownFileType = file.storyboard; name = Base; path = Base.lproj/LaunchScreen.storyboard; sourceTree = "<group>"; };
		394F8681250E518A00B703B3 /* Info.plist */ = {isa = PBXFileReference; lastKnownFileType = text.plist.xml; path = Info.plist; sourceTree = "<group>"; };
		394F8688250E659C00B703B3 /* README.md */ = {isa = PBXFileReference; lastKnownFileType = net.daringfireball.markdown; path = README.md; sourceTree = "<group>"; };
		396F5EA62517AF8F0070F2BD /* ProfileViewController.swift */ = {isa = PBXFileReference; lastKnownFileType = sourcecode.swift; path = ProfileViewController.swift; sourceTree = "<group>"; };
		39E4D49E252347AD00BF6BC4 /* fake_random_date.swift */ = {isa = PBXFileReference; lastKnownFileType = sourcecode.swift; path = fake_random_date.swift; sourceTree = "<group>"; };
		39E4D4A02523482000BF6BC4 /* BaseMessageCell.swift */ = {isa = PBXFileReference; lastKnownFileType = sourcecode.swift; path = BaseMessageCell.swift; sourceTree = "<group>"; };
		39ED610A2521EB32006D8E0A /* ConversationListViewController.swift */ = {isa = PBXFileReference; lastKnownFileType = sourcecode.swift; path = ConversationListViewController.swift; sourceTree = "<group>"; };
		39ED610D2521EE62006D8E0A /* ConversationViewController.swift */ = {isa = PBXFileReference; lastKnownFileType = sourcecode.swift; path = ConversationViewController.swift; sourceTree = "<group>"; };
		39ED61132521F76E006D8E0A /* ConversationCell.swift */ = {isa = PBXFileReference; lastKnownFileType = sourcecode.swift; path = ConversationCell.swift; sourceTree = "<group>"; };
		39ED61142521F76E006D8E0A /* ConversationCell.xib */ = {isa = PBXFileReference; lastKnownFileType = file.xib; path = ConversationCell.xib; sourceTree = "<group>"; };
		39ED61172521F7AD006D8E0A /* ConversationCellModel.swift */ = {isa = PBXFileReference; lastKnownFileType = sourcecode.swift; path = ConversationCellModel.swift; sourceTree = "<group>"; };
		39ED611925220D34006D8E0A /* fake_data.swift */ = {isa = PBXFileReference; lastKnownFileType = sourcecode.swift; path = fake_data.swift; sourceTree = "<group>"; };
		39ED611C25221658006D8E0A /* IncomeMessageCell.swift */ = {isa = PBXFileReference; lastKnownFileType = sourcecode.swift; path = IncomeMessageCell.swift; sourceTree = "<group>"; };
		39ED611D25221658006D8E0A /* IncomeMessageCell.xib */ = {isa = PBXFileReference; lastKnownFileType = file.xib; path = IncomeMessageCell.xib; sourceTree = "<group>"; };
		39ED612025221684006D8E0A /* MessageCellModel.swift */ = {isa = PBXFileReference; lastKnownFileType = sourcecode.swift; path = MessageCellModel.swift; sourceTree = "<group>"; };
		39ED6122252219BA006D8E0A /* OutcomeMessageCell.swift */ = {isa = PBXFileReference; lastKnownFileType = sourcecode.swift; path = OutcomeMessageCell.swift; sourceTree = "<group>"; };
		39ED6123252219BA006D8E0A /* OutcomeMessageCell.xib */ = {isa = PBXFileReference; lastKnownFileType = file.xib; path = OutcomeMessageCell.xib; sourceTree = "<group>"; };
		39ED612625223323006D8E0A /* fake_conversation.swift */ = {isa = PBXFileReference; lastKnownFileType = sourcecode.swift; path = fake_conversation.swift; sourceTree = "<group>"; };
/* End PBXFileReference section */

/* Begin PBXFrameworksBuildPhase section */
		394F866D250E518A00B703B3 /* Frameworks */ = {
			isa = PBXFrameworksBuildPhase;
			buildActionMask = 2147483647;
			files = (
			);
			runOnlyForDeploymentPostprocessing = 0;
		};
/* End PBXFrameworksBuildPhase section */

/* Begin PBXGroup section */
		394F8667250E518A00B703B3 = {
			isa = PBXGroup;
			children = (
				394F8688250E659C00B703B3 /* README.md */,
				394F8672250E518A00B703B3 /* ChitChat02 */,
				394F8671250E518A00B703B3 /* Products */,
			);
			sourceTree = "<group>";
		};
		394F8671250E518A00B703B3 /* Products */ = {
			isa = PBXGroup;
			children = (
				394F8670250E518A00B703B3 /* ChitChat02.app */,
			);
			name = Products;
			sourceTree = "<group>";
		};
		394F8672250E518A00B703B3 /* ChitChat02 */ = {
			isa = PBXGroup;
			children = (
				39E4D49D2523478A00BF6BC4 /* tools */,
				39ED610C2521EE3C006D8E0A /* Conversation */,
				39ED61092521EB00006D8E0A /* ConversationList */,
				396F5EA32517AF1F0070F2BD /* Profile */,
				394F8673250E518A00B703B3 /* AppDelegate.swift */,
				394F8675250E518A00B703B3 /* SceneDelegate.swift */,
				394F8677250E518A00B703B3 /* HomeViewController.swift */,
				394F8679250E518A00B703B3 /* Main.storyboard */,
				394F867C250E518A00B703B3 /* Assets.xcassets */,
				394F867E250E518A00B703B3 /* LaunchScreen.storyboard */,
				394F8681250E518A00B703B3 /* Info.plist */,
			);
			path = ChitChat02;
			sourceTree = "<group>";
		};
		396F5EA32517AF1F0070F2BD /* Profile */ = {
			isa = PBXGroup;
			children = (
				396F5EA62517AF8F0070F2BD /* ProfileViewController.swift */,
			);
			path = Profile;
			sourceTree = "<group>";
		};
		39E4D49D2523478A00BF6BC4 /* tools */ = {
			isa = PBXGroup;
			children = (
				39ED611925220D34006D8E0A /* fake_data.swift */,
				39ED612625223323006D8E0A /* fake_conversation.swift */,
				39E4D49E252347AD00BF6BC4 /* fake_random_date.swift */,
			);
			path = tools;
			sourceTree = "<group>";
		};
		39ED61092521EB00006D8E0A /* ConversationList */ = {
			isa = PBXGroup;
			children = (
				39ED61122521F734006D8E0A /* ConversationCell */,
				39ED610A2521EB32006D8E0A /* ConversationListViewController.swift */,
			);
			path = ConversationList;
			sourceTree = "<group>";
		};
		39ED610C2521EE3C006D8E0A /* Conversation */ = {
			isa = PBXGroup;
			children = (
				39ED611B2522163B006D8E0A /* MessageCell */,
				39ED610D2521EE62006D8E0A /* ConversationViewController.swift */,
			);
			path = Conversation;
			sourceTree = "<group>";
		};
		39ED61122521F734006D8E0A /* ConversationCell */ = {
			isa = PBXGroup;
			children = (
				39ED61132521F76E006D8E0A /* ConversationCell.swift */,
				39ED61142521F76E006D8E0A /* ConversationCell.xib */,
				39ED61172521F7AD006D8E0A /* ConversationCellModel.swift */,
			);
			path = ConversationCell;
			sourceTree = "<group>";
		};
		39ED611B2522163B006D8E0A /* MessageCell */ = {
			isa = PBXGroup;
			children = (
				39ED611C25221658006D8E0A /* IncomeMessageCell.swift */,
				39ED611D25221658006D8E0A /* IncomeMessageCell.xib */,
				39ED612025221684006D8E0A /* MessageCellModel.swift */,
				39ED6122252219BA006D8E0A /* OutcomeMessageCell.swift */,
				39ED6123252219BA006D8E0A /* OutcomeMessageCell.xib */,
				39E4D4A02523482000BF6BC4 /* BaseMessageCell.swift */,
			);
			path = MessageCell;
			sourceTree = "<group>";
		};
/* End PBXGroup section */

/* Begin PBXNativeTarget section */
		394F866F250E518A00B703B3 /* ChitChat02 */ = {
			isa = PBXNativeTarget;
			buildConfigurationList = 394F8684250E518A00B703B3 /* Build configuration list for PBXNativeTarget "ChitChat02" */;
			buildPhases = (
				394F866C250E518A00B703B3 /* Sources */,
				394F866D250E518A00B703B3 /* Frameworks */,
				394F866E250E518A00B703B3 /* Resources */,
			);
			buildRules = (
			);
			dependencies = (
			);
			name = ChitChat02;
			productName = ChitChat02;
			productReference = 394F8670250E518A00B703B3 /* ChitChat02.app */;
			productType = "com.apple.product-type.application";
		};
/* End PBXNativeTarget section */

/* Begin PBXProject section */
		394F8668250E518A00B703B3 /* Project object */ = {
			isa = PBXProject;
			attributes = {
				LastSwiftUpdateCheck = 1170;
				LastUpgradeCheck = 1170;
				ORGANIZATIONNAME = TimunInc;
				TargetAttributes = {
					394F866F250E518A00B703B3 = {
						CreatedOnToolsVersion = 11.7;
					};
				};
			};
			buildConfigurationList = 394F866B250E518A00B703B3 /* Build configuration list for PBXProject "ChitChat02" */;
			compatibilityVersion = "Xcode 9.3";
			developmentRegion = en;
			hasScannedForEncodings = 0;
			knownRegions = (
				en,
				Base,
			);
			mainGroup = 394F8667250E518A00B703B3;
			productRefGroup = 394F8671250E518A00B703B3 /* Products */;
			projectDirPath = "";
			projectRoot = "";
			targets = (
				394F866F250E518A00B703B3 /* ChitChat02 */,
			);
		};
/* End PBXProject section */

/* Begin PBXResourcesBuildPhase section */
		394F866E250E518A00B703B3 /* Resources */ = {
			isa = PBXResourcesBuildPhase;
			buildActionMask = 2147483647;
			files = (
				39ED611F25221658006D8E0A /* IncomeMessageCell.xib in Resources */,
				39ED61162521F76E006D8E0A /* ConversationCell.xib in Resources */,
				39ED6125252219BA006D8E0A /* OutcomeMessageCell.xib in Resources */,
				394F8680250E518A00B703B3 /* LaunchScreen.storyboard in Resources */,
				394F867D250E518A00B703B3 /* Assets.xcassets in Resources */,
				394F867B250E518A00B703B3 /* Main.storyboard in Resources */,
			);
			runOnlyForDeploymentPostprocessing = 0;
		};
/* End PBXResourcesBuildPhase section */

/* Begin PBXSourcesBuildPhase section */
		394F866C250E518A00B703B3 /* Sources */ = {
			isa = PBXSourcesBuildPhase;
			buildActionMask = 2147483647;
			files = (
				394F8678250E518A00B703B3 /* HomeViewController.swift in Sources */,
				39ED612125221684006D8E0A /* MessageCellModel.swift in Sources */,
				39ED611E25221658006D8E0A /* IncomeMessageCell.swift in Sources */,
				394F8674250E518A00B703B3 /* AppDelegate.swift in Sources */,
				39ED611A25220D34006D8E0A /* fake_data.swift in Sources */,
				39ED61182521F7AE006D8E0A /* ConversationCellModel.swift in Sources */,
				39ED612725223323006D8E0A /* fake_conversation.swift in Sources */,
				39ED610E2521EE62006D8E0A /* ConversationViewController.swift in Sources */,
				39ED610B2521EB32006D8E0A /* ConversationListViewController.swift in Sources */,
				39E4D49F252347AD00BF6BC4 /* fake_random_date.swift in Sources */,
				39ED6124252219BA006D8E0A /* OutcomeMessageCell.swift in Sources */,
				39E4D4A12523482000BF6BC4 /* BaseMessageCell.swift in Sources */,
				396F5EA72517AF8F0070F2BD /* ProfileViewController.swift in Sources */,
				394F8676250E518A00B703B3 /* SceneDelegate.swift in Sources */,
				39ED61152521F76E006D8E0A /* ConversationCell.swift in Sources */,
			);
			runOnlyForDeploymentPostprocessing = 0;
		};
/* End PBXSourcesBuildPhase section */

/* Begin PBXVariantGroup section */
		394F8679250E518A00B703B3 /* Main.storyboard */ = {
			isa = PBXVariantGroup;
			children = (
				394F867A250E518A00B703B3 /* Base */,
			);
			name = Main.storyboard;
			sourceTree = "<group>";
		};
		394F867E250E518A00B703B3 /* LaunchScreen.storyboard */ = {
			isa = PBXVariantGroup;
			children = (
				394F867F250E518A00B703B3 /* Base */,
			);
			name = LaunchScreen.storyboard;
			sourceTree = "<group>";
		};
/* End PBXVariantGroup section */

/* Begin XCBuildConfiguration section */
		394F8682250E518A00B703B3 /* Debug */ = {
			isa = XCBuildConfiguration;
			buildSettings = {
				ALWAYS_SEARCH_USER_PATHS = NO;
				CLANG_ANALYZER_NONNULL = YES;
				CLANG_ANALYZER_NUMBER_OBJECT_CONVERSION = YES_AGGRESSIVE;
				CLANG_CXX_LANGUAGE_STANDARD = "gnu++14";
				CLANG_CXX_LIBRARY = "libc++";
				CLANG_ENABLE_MODULES = YES;
				CLANG_ENABLE_OBJC_ARC = YES;
				CLANG_ENABLE_OBJC_WEAK = YES;
				CLANG_WARN_BLOCK_CAPTURE_AUTORELEASING = YES;
				CLANG_WARN_BOOL_CONVERSION = YES;
				CLANG_WARN_COMMA = YES;
				CLANG_WARN_CONSTANT_CONVERSION = YES;
				CLANG_WARN_DEPRECATED_OBJC_IMPLEMENTATIONS = YES;
				CLANG_WARN_DIRECT_OBJC_ISA_USAGE = YES_ERROR;
				CLANG_WARN_DOCUMENTATION_COMMENTS = YES;
				CLANG_WARN_EMPTY_BODY = YES;
				CLANG_WARN_ENUM_CONVERSION = YES;
				CLANG_WARN_INFINITE_RECURSION = YES;
				CLANG_WARN_INT_CONVERSION = YES;
				CLANG_WARN_NON_LITERAL_NULL_CONVERSION = YES;
				CLANG_WARN_OBJC_IMPLICIT_RETAIN_SELF = YES;
				CLANG_WARN_OBJC_LITERAL_CONVERSION = YES;
				CLANG_WARN_OBJC_ROOT_CLASS = YES_ERROR;
				CLANG_WARN_RANGE_LOOP_ANALYSIS = YES;
				CLANG_WARN_STRICT_PROTOTYPES = YES;
				CLANG_WARN_SUSPICIOUS_MOVE = YES;
				CLANG_WARN_UNGUARDED_AVAILABILITY = YES_AGGRESSIVE;
				CLANG_WARN_UNREACHABLE_CODE = YES;
				CLANG_WARN__DUPLICATE_METHOD_MATCH = YES;
				COPY_PHASE_STRIP = NO;
				DEBUG_INFORMATION_FORMAT = dwarf;
				ENABLE_STRICT_OBJC_MSGSEND = YES;
				ENABLE_TESTABILITY = YES;
				GCC_C_LANGUAGE_STANDARD = gnu11;
				GCC_DYNAMIC_NO_PIC = NO;
				GCC_NO_COMMON_BLOCKS = YES;
				GCC_OPTIMIZATION_LEVEL = 0;
				GCC_PREPROCESSOR_DEFINITIONS = (
					"DEBUG=1",
					"$(inherited)",
				);
				GCC_WARN_64_TO_32_BIT_CONVERSION = YES;
				GCC_WARN_ABOUT_RETURN_TYPE = YES_ERROR;
				GCC_WARN_UNDECLARED_SELECTOR = YES;
				GCC_WARN_UNINITIALIZED_AUTOS = YES_AGGRESSIVE;
				GCC_WARN_UNUSED_FUNCTION = YES;
				GCC_WARN_UNUSED_VARIABLE = YES;
				IPHONEOS_DEPLOYMENT_TARGET = 13.7;
				MTL_ENABLE_DEBUG_INFO = INCLUDE_SOURCE;
				MTL_FAST_MATH = YES;
				ONLY_ACTIVE_ARCH = YES;
				SDKROOT = iphoneos;
				SWIFT_ACTIVE_COMPILATION_CONDITIONS = DEBUG;
				SWIFT_OPTIMIZATION_LEVEL = "-Onone";
			};
			name = Debug;
		};
		394F8683250E518A00B703B3 /* Release */ = {
			isa = XCBuildConfiguration;
			buildSettings = {
				ALWAYS_SEARCH_USER_PATHS = NO;
				CLANG_ANALYZER_NONNULL = YES;
				CLANG_ANALYZER_NUMBER_OBJECT_CONVERSION = YES_AGGRESSIVE;
				CLANG_CXX_LANGUAGE_STANDARD = "gnu++14";
				CLANG_CXX_LIBRARY = "libc++";
				CLANG_ENABLE_MODULES = YES;
				CLANG_ENABLE_OBJC_ARC = YES;
				CLANG_ENABLE_OBJC_WEAK = YES;
				CLANG_WARN_BLOCK_CAPTURE_AUTORELEASING = YES;
				CLANG_WARN_BOOL_CONVERSION = YES;
				CLANG_WARN_COMMA = YES;
				CLANG_WARN_CONSTANT_CONVERSION = YES;
				CLANG_WARN_DEPRECATED_OBJC_IMPLEMENTATIONS = YES;
				CLANG_WARN_DIRECT_OBJC_ISA_USAGE = YES_ERROR;
				CLANG_WARN_DOCUMENTATION_COMMENTS = YES;
				CLANG_WARN_EMPTY_BODY = YES;
				CLANG_WARN_ENUM_CONVERSION = YES;
				CLANG_WARN_INFINITE_RECURSION = YES;
				CLANG_WARN_INT_CONVERSION = YES;
				CLANG_WARN_NON_LITERAL_NULL_CONVERSION = YES;
				CLANG_WARN_OBJC_IMPLICIT_RETAIN_SELF = YES;
				CLANG_WARN_OBJC_LITERAL_CONVERSION = YES;
				CLANG_WARN_OBJC_ROOT_CLASS = YES_ERROR;
				CLANG_WARN_RANGE_LOOP_ANALYSIS = YES;
				CLANG_WARN_STRICT_PROTOTYPES = YES;
				CLANG_WARN_SUSPICIOUS_MOVE = YES;
				CLANG_WARN_UNGUARDED_AVAILABILITY = YES_AGGRESSIVE;
				CLANG_WARN_UNREACHABLE_CODE = YES;
				CLANG_WARN__DUPLICATE_METHOD_MATCH = YES;
				COPY_PHASE_STRIP = NO;
				DEBUG_INFORMATION_FORMAT = "dwarf-with-dsym";
				ENABLE_NS_ASSERTIONS = NO;
				ENABLE_STRICT_OBJC_MSGSEND = YES;
				GCC_C_LANGUAGE_STANDARD = gnu11;
				GCC_NO_COMMON_BLOCKS = YES;
				GCC_WARN_64_TO_32_BIT_CONVERSION = YES;
				GCC_WARN_ABOUT_RETURN_TYPE = YES_ERROR;
				GCC_WARN_UNDECLARED_SELECTOR = YES;
				GCC_WARN_UNINITIALIZED_AUTOS = YES_AGGRESSIVE;
				GCC_WARN_UNUSED_FUNCTION = YES;
				GCC_WARN_UNUSED_VARIABLE = YES;
				IPHONEOS_DEPLOYMENT_TARGET = 13.7;
				MTL_ENABLE_DEBUG_INFO = NO;
				MTL_FAST_MATH = YES;
				SDKROOT = iphoneos;
				SWIFT_COMPILATION_MODE = wholemodule;
				SWIFT_OPTIMIZATION_LEVEL = "-O";
				VALIDATE_PRODUCT = YES;
			};
			name = Release;
		};
		394F8685250E518A00B703B3 /* Debug */ = {
			isa = XCBuildConfiguration;
			buildSettings = {
				ASSETCATALOG_COMPILER_APPICON_NAME = AppIcon;
				CODE_SIGN_IDENTITY = "Apple Development";
				CODE_SIGN_STYLE = Manual;
				DEVELOPMENT_TEAM = "";
				INFOPLIST_FILE = ChitChat02/Info.plist;
				IPHONEOS_DEPLOYMENT_TARGET = 12.0;
				LD_RUNPATH_SEARCH_PATHS = (
					"$(inherited)",
					"@executable_path/Frameworks",
				);
				PRODUCT_BUNDLE_IDENTIFIER = com.timun.ChitChat02;
				PRODUCT_NAME = "$(TARGET_NAME)";
				PROVISIONING_PROFILE_SPECIFIER = "";
				SWIFT_VERSION = 5.0;
				TARGETED_DEVICE_FAMILY = 1;
			};
			name = Debug;
		};
		394F8686250E518A00B703B3 /* Release */ = {
			isa = XCBuildConfiguration;
			buildSettings = {
				ASSETCATALOG_COMPILER_APPICON_NAME = AppIcon;
				CODE_SIGN_IDENTITY = "Apple Development";
				CODE_SIGN_STYLE = Manual;
				DEVELOPMENT_TEAM = "";
				INFOPLIST_FILE = ChitChat02/Info.plist;
				IPHONEOS_DEPLOYMENT_TARGET = 12.0;
				LD_RUNPATH_SEARCH_PATHS = (
					"$(inherited)",
					"@executable_path/Frameworks",
				);
				PRODUCT_BUNDLE_IDENTIFIER = com.timun.ChitChat02;
				PRODUCT_NAME = "$(TARGET_NAME)";
				PROVISIONING_PROFILE_SPECIFIER = "";
				SWIFT_VERSION = 5.0;
				TARGETED_DEVICE_FAMILY = 1;
			};
			name = Release;
		};
/* End XCBuildConfiguration section */

/* Begin XCConfigurationList section */
		394F866B250E518A00B703B3 /* Build configuration list for PBXProject "ChitChat02" */ = {
			isa = XCConfigurationList;
			buildConfigurations = (
				394F8682250E518A00B703B3 /* Debug */,
				394F8683250E518A00B703B3 /* Release */,
			);
			defaultConfigurationIsVisible = 0;
			defaultConfigurationName = Release;
		};
		394F8684250E518A00B703B3 /* Build configuration list for PBXNativeTarget "ChitChat02" */ = {
			isa = XCConfigurationList;
			buildConfigurations = (
				394F8685250E518A00B703B3 /* Debug */,
				394F8686250E518A00B703B3 /* Release */,
			);
			defaultConfigurationIsVisible = 0;
			defaultConfigurationName = Release;
		};
/* End XCConfigurationList section */
	};
	rootObject = 394F8668250E518A00B703B3 /* Project object */;
}
